{
  "requires": true,
  "lockfileVersion": 1,
  "dependencies": {
    "@popperjs/core": {
      "version": "2.0.5",
      "resolved": "https://registry.npmjs.org/@popperjs/core/-/core-2.0.5.tgz",
      "integrity": "sha512-YOV1TitTNzJDXe/14sDJO/M/aL12Jhind0EkQRnqTX2167fqJsAICJfi0vsDdapPI1WaYsheyYYgy6PO02Nqqg=="
    }
  }
}
